# THIS IS AN AUTOGENERATED FILE. DO NOT EDIT THIS FILE DIRECTLY.
# yarn lockfile v1


"@rails/ujs@^7.0.6":
  version "7.0.6"
  resolved "https://registry.yarnpkg.com/@rails/ujs/-/ujs-7.0.6.tgz#fd8937c92335f3da9495e07292511ad5f7547a6a"
  integrity sha512-s5v3AC6AywOIFMz0RIMW83Xc8FPIvKMkP3ZHFlM4ISNkhdUwP9HdhVtxxo6z3dIhe9vI0Our2A8kN/QpUV02Qg==
